
Microsoft Visual Studio Solution File, Format Version 12.00
# Visual Studio Version 16
VisualStudioVersion = 16.0.30413.136
MinimumVisualStudioVersion = 10.0.40219.1
Project("{FAE04EC0-301F-11D3-BF4B-00C04F79EFBC}") = "Uzd_N2", "Uzd_N1\Uzd_N2.csproj", "{4E4A1AC3-A355-47F1-8F2A-3F2DE1F9B895}"
EndProject
Global
	GlobalSection(SolutionConfigurationPlatforms) = preSolution
		Debug|Any CPU = Debug|Any CPU
		Release|Any CPU = Release|Any CPU
	EndGlobalSection
	GlobalSection(ProjectConfigurationPlatforms) = postSolution
		{4E4A1AC3-A355-47F1-8F2A-3F2DE1F9B895}.Debug|Any CPU.ActiveCfg = Debug|Any CPU
		{4E4A1AC3-A355-47F1-8F2A-3F2DE1F9B895}.Debug|Any CPU.Build.0 = Debug|Any CPU
		{4E4A1AC3-A355-47F1-8F2A-3F2DE1F9B895}.Release|Any CPU.ActiveCfg = Release|Any CPU
		{4E4A1AC3-A355-47F1-8F2A-3F2DE1F9B895}.Release|Any CPU.Build.0 = Release|Any CPU
	EndGlobalSection
	GlobalSection(SolutionProperties) = preSolution
		HideSolutionNode = FALSE
	EndGlobalSection
	GlobalSection(ExtensibilityGlobals) = postSolution
		SolutionGuid = {380D9860-FB2D-4775-AC13-29735844E3DD}
	EndGlobalSection
EndGlobal
